// !$*UTF8*$!
{
	archiveVersion = 1;
	classes = {
	};
	objectVersion = 46;
	objects = {

/* Begin PBXBuildFile section */
		81986CAB43152E4F7ACBBDF5 /* Pods_WeatherApp.framework in Frameworks */ = {isa = PBXBuildFile; fileRef = 8C22016053B36A02E374922B /* Pods_WeatherApp.framework */; };
		C78D7A421E1C077500BEE734 /* Constants.swift in Sources */ = {isa = PBXBuildFile; fileRef = C78D7A411E1C077500BEE734 /* Constants.swift */; };
		C78D7A441E1C0E2C00BEE734 /* CurrentWeather.swift in Sources */ = {isa = PBXBuildFile; fileRef = C78D7A431E1C0E2C00BEE734 /* CurrentWeather.swift */; };
		C7E97A651E19238200A018D1 /* AppDelegate.swift in Sources */ = {isa = PBXBuildFile; fileRef = C7E97A641E19238200A018D1 /* AppDelegate.swift */; };
		C7E97A671E19238200A018D1 /* ViewController.swift in Sources */ = {isa = PBXBuildFile; fileRef = C7E97A661E19238200A018D1 /* ViewController.swift */; };
		C7E97A6A1E19238200A018D1 /* Main.storyboard in Resources */ = {isa = PBXBuildFile; fileRef = C7E97A681E19238200A018D1 /* Main.storyboard */; };
		C7E97A6C1E19238200A018D1 /* Assets.xcassets in Resources */ = {isa = PBXBuildFile; fileRef = C7E97A6B1E19238200A018D1 /* Assets.xcassets */; };
		C7E97A6F1E19238200A018D1 /* LaunchScreen.storyboard in Resources */ = {isa = PBXBuildFile; fileRef = C7E97A6D1E19238200A018D1 /* LaunchScreen.storyboard */; };
/* End PBXBuildFile section */

/* Begin PBXFileReference section */
		350C51A3F2348173323274A4 /* Pods-WeatherApp.debug.xcconfig */ = {isa = PBXFileReference; includeInIndex = 1; lastKnownFileType = text.xcconfig; name = "Pods-WeatherApp.debug.xcconfig"; path = "Pods/Target Support Files/Pods-WeatherApp/Pods-WeatherApp.debug.xcconfig"; sourceTree = "<group>"; };
		8BED9B414627D2D41FA307A7 /* Pods-WeatherApp.release.xcconfig */ = {isa = PBXFileReference; includeInIndex = 1; lastKnownFileType = text.xcconfig; name = "Pods-WeatherApp.release.xcconfig"; path = "Pods/Target Support Files/Pods-WeatherApp/Pods-WeatherApp.release.xcconfig"; sourceTree = "<group>"; };
		8C22016053B36A02E374922B /* Pods_WeatherApp.framework */ = {isa = PBXFileReference; explicitFileType = wrapper.framework; includeInIndex = 0; path = Pods_WeatherApp.framework; sourceTree = BUILT_PRODUCTS_DIR; };
		C78D7A411E1C077500BEE734 /* Constants.swift */ = {isa = PBXFileReference; fileEncoding = 4; lastKnownFileType = sourcecode.swift; path = Constants.swift; sourceTree = "<group>"; };
		C78D7A431E1C0E2C00BEE734 /* CurrentWeather.swift */ = {isa = PBXFileReference; fileEncoding = 4; lastKnownFileType = sourcecode.swift; path = CurrentWeather.swift; sourceTree = "<group>"; };
		C7E97A611E19238200A018D1 /* WeatherApp.app */ = {isa = PBXFileReference; explicitFileType = wrapper.application; includeInIndex = 0; path = WeatherApp.app; sourceTree = BUILT_PRODUCTS_DIR; };
		C7E97A641E19238200A018D1 /* AppDelegate.swift */ = {isa = PBXFileReference; lastKnownFileType = sourcecode.swift; path = AppDelegate.swift; sourceTree = "<group>"; };
		C7E97A661E19238200A018D1 /* ViewController.swift */ = {isa = PBXFileReference; lastKnownFileType = sourcecode.swift; path = ViewController.swift; sourceTree = "<group>"; };
		C7E97A691E19238200A018D1 /* Base */ = {isa = PBXFileReference; lastKnownFileType = file.storyboard; name = Base; path = Base.lproj/Main.storyboard; sourceTree = "<group>"; };
		C7E97A6B1E19238200A018D1 /* Assets.xcassets */ = {isa = PBXFileReference; lastKnownFileType = folder.assetcatalog; path = Assets.xcassets; sourceTree = "<group>"; };
		C7E97A6E1E19238200A018D1 /* Base */ = {isa = PBXFileReference; lastKnownFileType = file.storyboard; name = Base; path = Base.lproj/LaunchScreen.storyboard; sourceTree = "<group>"; };
		C7E97A701E19238200A018D1 /* Info.plist */ = {isa = PBXFileReference; lastKnownFileType = text.plist.xml; path = Info.plist; sourceTree = "<group>"; };
/* End PBXFileReference section */

/* Begin PBXFrameworksBuildPhase section */
		C7E97A5E1E19238100A018D1 /* Frameworks */ = {
			isa = PBXFrameworksBuildPhase;
			buildActionMask = 2147483647;
			files = (
				81986CAB43152E4F7ACBBDF5 /* Pods_WeatherApp.framework in Frameworks */,
			);
			runOnlyForDeploymentPostprocessing = 0;
		};
/* End PBXFrameworksBuildPhase section */

/* Begin PBXGroup section */
		756A80B1D57BDC113364647F /* Frameworks */ = {
			isa = PBXGroup;
			children = (
				8C22016053B36A02E374922B /* Pods_WeatherApp.framework */,
			);
			name = Frameworks;
			sourceTree = "<group>";
		};
		C7E97A581E19238100A018D1 = {
			isa = PBXGroup;
			children = (
				C7E97A631E19238200A018D1 /* WeatherApp */,
				C7E97A621E19238200A018D1 /* Products */,
				F8ADE0FD26F7974608C9C54A /* Pods */,
				756A80B1D57BDC113364647F /* Frameworks */,
			);
			sourceTree = "<group>";
		};
		C7E97A621E19238200A018D1 /* Products */ = {
			isa = PBXGroup;
			children = (
				C7E97A611E19238200A018D1 /* WeatherApp.app */,
			);
			name = Products;
			sourceTree = "<group>";
		};
		C7E97A631E19238200A018D1 /* WeatherApp */ = {
			isa = PBXGroup;
			children = (
				C7E97A641E19238200A018D1 /* AppDelegate.swift */,
				C7E97A661E19238200A018D1 /* ViewController.swift */,
				C7E97A681E19238200A018D1 /* Main.storyboard */,
				C7E97A6B1E19238200A018D1 /* Assets.xcassets */,
				C7E97A6D1E19238200A018D1 /* LaunchScreen.storyboard */,
				C7E97A701E19238200A018D1 /* Info.plist */,
				C78D7A411E1C077500BEE734 /* Constants.swift */,
				C78D7A431E1C0E2C00BEE734 /* CurrentWeather.swift */,
			);
			path = WeatherApp;
			sourceTree = "<group>";
		};
		F8ADE0FD26F7974608C9C54A /* Pods */ = {
			isa = PBXGroup;
			children = (
				350C51A3F2348173323274A4 /* Pods-WeatherApp.debug.xcconfig */,
				8BED9B414627D2D41FA307A7 /* Pods-WeatherApp.release.xcconfig */,
			);
			name = Pods;
			sourceTree = "<group>";
		};
/* End PBXGroup section */

/* Begin PBXNativeTarget section */
		C7E97A601E19238100A018D1 /* WeatherApp */ = {
			isa = PBXNativeTarget;
			buildConfigurationList = C7E97A731E19238200A018D1 /* Build configuration list for PBXNativeTarget "WeatherApp" */;
			buildPhases = (
				6942BE7871350602B6E8FF5A /* [CP] Check Pods Manifest.lock */,
				C7E97A5D1E19238100A018D1 /* Sources */,
				C7E97A5E1E19238100A018D1 /* Frameworks */,
				C7E97A5F1E19238100A018D1 /* Resources */,
				E2FBA0ADE209DA8E8B6E4403 /* [CP] Embed Pods Frameworks */,
				7CF860BF5974E3721B200C78 /* [CP] Copy Pods Resources */,
			);
			buildRules = (
			);
			dependencies = (
			);
			name = WeatherApp;
			productName = WeatherApp;
			productReference = C7E97A611E19238200A018D1 /* WeatherApp.app */;
			productType = "com.apple.product-type.application";
		};
/* End PBXNativeTarget section */

/* Begin PBXProject section */
		C7E97A591E19238100A018D1 /* Project object */ = {
			isa = PBXProject;
			attributes = {
				LastSwiftUpdateCheck = 0810;
				LastUpgradeCheck = 0810;
				ORGANIZATIONNAME = "Prateek Mahawar";
				TargetAttributes = {
					C7E97A601E19238100A018D1 = {
						CreatedOnToolsVersion = 8.1;
						DevelopmentTeam = 2QJCV27NGS;
						LastSwiftMigration = 0810;
						ProvisioningStyle = Automatic;
					};
				};
			};
			buildConfigurationList = C7E97A5C1E19238100A018D1 /* Build configuration list for PBXProject "WeatherApp" */;
			compatibilityVersion = "Xcode 3.2";
			developmentRegion = English;
			hasScannedForEncodings = 0;
			knownRegions = (
				en,
				Base,
			);
			mainGroup = C7E97A581E19238100A018D1;
			productRefGroup = C7E97A621E19238200A018D1 /* Products */;
			projectDirPath = "";
			projectRoot = "";
			targets = (
				C7E97A601E19238100A018D1 /* WeatherApp */,
			);
		};
/* End PBXProject section */

/* Begin PBXResourcesBuildPhase section */
		C7E97A5F1E19238100A018D1 /* Resources */ = {
			isa = PBXResourcesBuildPhase;
			buildActionMask = 2147483647;
			files = (
				C7E97A6F1E19238200A018D1 /* LaunchScreen.storyboard in Resources */,
				C7E97A6C1E19238200A018D1 /* Assets.xcassets in Resources */,
				C7E97A6A1E19238200A018D1 /* Main.storyboard in Resources */,
			);
			runOnlyForDeploymentPostprocessing = 0;
		};
/* End PBXResourcesBuildPhase section */

/* Begin PBXShellScriptBuildPhase section */
		6942BE7871350602B6E8FF5A /* [CP] Check Pods Manifest.lock */ = {
			isa = PBXShellScriptBuildPhase;
			buildActionMask = 2147483647;
			files = (
			);
			inputPaths = (
			);
			name = "[CP] Check Pods Manifest.lock";
			outputPaths = (
			);
			runOnlyForDeploymentPostprocessing = 0;
			shellPath = /bin/sh;
			shellScript = "diff \"${PODS_ROOT}/../Podfile.lock\" \"${PODS_ROOT}/Manifest.lock\" > /dev/null\nif [[ $? != 0 ]] ; then\n    cat << EOM\nerror: The sandbox is not in sync with the Podfile.lock. Run 'pod install' or update your CocoaPods installation.\nEOM\n    exit 1\nfi\n";
			showEnvVarsInLog = 0;
		};
		7CF860BF5974E3721B200C78 /* [CP] Copy Pods Resources */ = {
			isa = PBXShellScriptBuildPhase;
			buildActionMask = 2147483647;
			files = (
			);
			inputPaths = (
			);
			name = "[CP] Copy Pods Resources";
			outputPaths = (
			);
			runOnlyForDeploymentPostprocessing = 0;
			shellPath = /bin/sh;
			shellScript = "\"${SRCROOT}/Pods/Target Support Files/Pods-WeatherApp/Pods-WeatherApp-resources.sh\"\n";
			showEnvVarsInLog = 0;
		};
		E2FBA0ADE209DA8E8B6E4403 /* [CP] Embed Pods Frameworks */ = {
			isa = PBXShellScriptBuildPhase;
			buildActionMask = 2147483647;
			files = (
			);
			inputPaths = (
			);
			name = "[CP] Embed Pods Frameworks";
			outputPaths = (
			);
			runOnlyForDeploymentPostprocessing = 0;
			shellPath = /bin/sh;
			shellScript = "\"${SRCROOT}/Pods/Target Support Files/Pods-WeatherApp/Pods-WeatherApp-frameworks.sh\"\n";
			showEnvVarsInLog = 0;
		};
/* End PBXShellScriptBuildPhase section */

/* Begin PBXSourcesBuildPhase section */
		C7E97A5D1E19238100A018D1 /* Sources */ = {
			isa = PBXSourcesBuildPhase;
			buildActionMask = 2147483647;
			files = (
				C7E97A671E19238200A018D1 /* ViewController.swift in Sources */,
				C7E97A651E19238200A018D1 /* AppDelegate.swift in Sources */,
				C78D7A441E1C0E2C00BEE734 /* CurrentWeather.swift in Sources */,
				C78D7A421E1C077500BEE734 /* Constants.swift in Sources */,
			);
			runOnlyForDeploymentPostprocessing = 0;
		};
/* End PBXSourcesBuildPhase section */

/* Begin PBXVariantGroup section */
		C7E97A681E19238200A018D1 /* Main.storyboard */ = {
			isa = PBXVariantGroup;
			children = (
				C7E97A691E19238200A018D1 /* Base */,
			);
			name = Main.storyboard;
			sourceTree = "<group>";
		};
		C7E97A6D1E19238200A018D1 /* LaunchScreen.storyboard */ = {
			isa = PBXVariantGroup;
			children = (
				C7E97A6E1E19238200A018D1 /* Base */,
			);
			name = LaunchScreen.storyboard;
			sourceTree = "<group>";
		};
/* End PBXVariantGroup section */

/* Begin XCBuildConfiguration section */
		C7E97A711E19238200A018D1 /* Debug */ = {
			isa = XCBuildConfiguration;
			buildSettings = {
				ALWAYS_SEARCH_USER_PATHS = NO;
				CLANG_ANALYZER_NONNULL = YES;
				CLANG_CXX_LANGUAGE_STANDARD = "gnu++0x";
				CLANG_CXX_LIBRARY = "libc++";
				CLANG_ENABLE_MODULES = YES;
				CLANG_ENABLE_OBJC_ARC = YES;
				CLANG_WARN_BOOL_CONVERSION = YES;
				CLANG_WARN_CONSTANT_CONVERSION = YES;
				CLANG_WARN_DIRECT_OBJC_ISA_USAGE = YES_ERROR;
				CLANG_WARN_DOCUMENTATION_COMMENTS = YES;
				CLANG_WARN_EMPTY_BODY = YES;
				CLANG_WARN_ENUM_CONVERSION = YES;
				CLANG_WARN_INFINITE_RECURSION = YES;
				CLANG_WARN_INT_CONVERSION = YES;
				CLANG_WARN_OBJC_ROOT_CLASS = YES_ERROR;
				CLANG_WARN_SUSPICIOUS_MOVES = YES;
				CLANG_WARN_UNREACHABLE_CODE = YES;
				CLANG_WARN__DUPLICATE_METHOD_MATCH = YES;
				"CODE_SIGN_IDENTITY[sdk=iphoneos*]" = "iPhone Developer";
				COPY_PHASE_STRIP = NO;
				DEBUG_INFORMATION_FORMAT = dwarf;
				ENABLE_STRICT_OBJC_MSGSEND = YES;
				ENABLE_TESTABILITY = YES;
				GCC_C_LANGUAGE_STANDARD = gnu99;
				GCC_DYNAMIC_NO_PIC = NO;
				GCC_NO_COMMON_BLOCKS = YES;
				GCC_OPTIMIZATION_LEVEL = 0;
				GCC_PREPROCESSOR_DEFINITIONS = (
					"DEBUG=1",
					"$(inherited)",
				);
				GCC_WARN_64_TO_32_BIT_CONVERSION = YES;
				GCC_WARN_ABOUT_RETURN_TYPE = YES_ERROR;
				GCC_WARN_UNDECLARED_SELECTOR = YES;
				GCC_WARN_UNINITIALIZED_AUTOS = YES_AGGRESSIVE;
				GCC_WARN_UNUSED_FUNCTION = YES;
				GCC_WARN_UNUSED_VARIABLE = YES;
				IPHONEOS_DEPLOYMENT_TARGET = 10.1;
				MTL_ENABLE_DEBUG_INFO = YES;
				ONLY_ACTIVE_ARCH = YES;
				SDKROOT = iphoneos;
				SWIFT_ACTIVE_COMPILATION_CONDITIONS = DEBUG;
				SWIFT_OPTIMIZATION_LEVEL = "-Onone";
				TARGETED_DEVICE_FAMILY = "1,2";
			};
			name = Debug;
		};
		C7E97A721E19238200A018D1 /* Release */ = {
			isa = XCBuildConfiguration;
			buildSettings = {
				ALWAYS_SEARCH_USER_PATHS = NO;
				CLANG_ANALYZER_NONNULL = YES;
				CLANG_CXX_LANGUAGE_STANDARD = "gnu++0x";
				CLANG_CXX_LIBRARY = "libc++";
				CLANG_ENABLE_MODULES = YES;
				CLANG_ENABLE_OBJC_ARC = YES;
				CLANG_WARN_BOOL_CONVERSION = YES;
				CLANG_WARN_CONSTANT_CONVERSION = YES;
				CLANG_WARN_DIRECT_OBJC_ISA_USAGE = YES_ERROR;
				CLANG_WARN_DOCUMENTATION_COMMENTS = YES;
				CLANG_WARN_EMPTY_BODY = YES;
				CLANG_WARN_ENUM_CONVERSION = YES;
				CLANG_WARN_INFINITE_RECURSION = YES;
				CLANG_WARN_INT_CONVERSION = YES;
				CLANG_WARN_OBJC_ROOT_CLASS = YES_ERROR;
				CLANG_WARN_SUSPICIOUS_MOVES = YES;
				CLANG_WARN_UNREACHABLE_CODE = YES;
				CLANG_WARN__DUPLICATE_METHOD_MATCH = YES;
				"CODE_SIGN_IDENTITY[sdk=iphoneos*]" = "iPhone Developer";
				COPY_PHASE_STRIP = NO;
				DEBUG_INFORMATION_FORMAT = "dwarf-with-dsym";
				ENABLE_NS_ASSERTIONS = NO;
				ENABLE_STRICT_OBJC_MSGSEND = YES;
				GCC_C_LANGUAGE_STANDARD = gnu99;
				GCC_NO_COMMON_BLOCKS = YES;
				GCC_WARN_64_TO_32_BIT_CONVERSION = YES;
				GCC_WARN_ABOUT_RETURN_TYPE = YES_ERROR;
				GCC_WARN_UNDECLARED_SELECTOR = YES;
				GCC_WARN_UNINITIALIZED_AUTOS = YES_AGGRESSIVE;
				GCC_WARN_UNUSED_FUNCTION = YES;
				GCC_WARN_UNUSED_VARIABLE = YES;
				IPHONEOS_DEPLOYMENT_TARGET = 10.1;
				MTL_ENABLE_DEBUG_INFO = NO;
				SDKROOT = iphoneos;
				SWIFT_OPTIMIZATION_LEVEL = "-Owholemodule";
				TARGETED_DEVICE_FAMILY = "1,2";
				VALIDATE_PRODUCT = YES;
			};
			name = Release;
		};
		C7E97A741E19238200A018D1 /* Debug */ = {
			isa = XCBuildConfiguration;
			baseConfigurationReference = 350C51A3F2348173323274A4 /* Pods-WeatherApp.debug.xcconfig */;
			buildSettings = {
				ASSETCATALOG_COMPILER_APPICON_NAME = AppIcon;
				DEVELOPMENT_TEAM = 2QJCV27NGS;
				INFOPLIST_FILE = WeatherApp/Info.plist;
				LD_RUNPATH_SEARCH_PATHS = "$(inherited) @executable_path/Frameworks";
				PRODUCT_BUNDLE_IDENTIFIER = com.PrateekMahawar.WeatherApp;
				PRODUCT_NAME = "$(TARGET_NAME)";
				SWIFT_VERSION = 3.0;
			};
			name = Debug;
		};
		C7E97A751E19238200A018D1 /* Release */ = {
			isa = XCBuildConfiguration;
			baseConfigurationReference = 8BED9B414627D2D41FA307A7 /* Pods-WeatherApp.release.xcconfig */;
			buildSettings = {
				ASSETCATALOG_COMPILER_APPICON_NAME = AppIcon;
				DEVELOPMENT_TEAM = 2QJCV27NGS;
				INFOPLIST_FILE = WeatherApp/Info.plist;
				LD_RUNPATH_SEARCH_PATHS = "$(inherited) @executable_path/Frameworks";
				PRODUCT_BUNDLE_IDENTIFIER = com.PrateekMahawar.WeatherApp;
				PRODUCT_NAME = "$(TARGET_NAME)";
				SWIFT_VERSION = 3.0;
			};
			name = Release;
		};
/* End XCBuildConfiguration section */

/* Begin XCConfigurationList section */
		C7E97A5C1E19238100A018D1 /* Build configuration list for PBXProject "WeatherApp" */ = {
			isa = XCConfigurationList;
			buildConfigurations = (
				C7E97A711E19238200A018D1 /* Debug */,
				C7E97A721E19238200A018D1 /* Release */,
			);
			defaultConfigurationIsVisible = 0;
			defaultConfigurationName = Release;
		};
		C7E97A731E19238200A018D1 /* Build configuration list for PBXNativeTarget "WeatherApp" */ = {
			isa = XCConfigurationList;
			buildConfigurations = (
				C7E97A741E19238200A018D1 /* Debug */,
				C7E97A751E19238200A018D1 /* Release */,
			);
			defaultConfigurationIsVisible = 0;
			defaultConfigurationName = Release;
		};
/* End XCConfigurationList section */
	};
	rootObject = C7E97A591E19238100A018D1 /* Project object */;
}
